{
  "name": "lizi-web",
  "version": "0.1.0",
  "lockfileVersion": 1,
  "requires": true,
  "dependencies": {
    "twgl.js": {
      "version": "4.19.1",
      "resolved": "https://registry.npmjs.org/twgl.js/-/twgl.js-4.19.1.tgz",
      "integrity": "sha512-zI28+xIQskBXpnoX9rsJ2n6zrx0AN3yFZASyp4u1IBscndUKlzRBwNtnD17BoO+RzQieuJksPzJKy8H6lRa97A=="
    }
  }
}
